
Microsoft Visual Studio Solution File, Format Version 12.00
# Visual Studio Version 16
VisualStudioVersion = 16.0.30503.244
MinimumVisualStudioVersion = 10.0.40219.1
Project("{FAE04EC0-301F-11D3-BF4B-00C04F79EFBC}") = "WebUI", "..\WebUI\WebUI.csproj", "{1BED7F19-657F-421C-A4A9-E08E31CEC0DB}"
EndProject
Project("{FAE04EC0-301F-11D3-BF4B-00C04F79EFBC}") = "UnitTests", "..\UnitTests\UnitTests.csproj", "{10FE2136-0FCD-4503-80EF-C530F0B03D24}"
EndProject
Project("{FAE04EC0-301F-11D3-BF4B-00C04F79EFBC}") = "Domain", "..\Domain\Domain.csproj", "{934D13BE-E689-4B0A-A7F8-4DCE781ECC2E}"
EndProject
Global
	GlobalSection(SolutionConfigurationPlatforms) = preSolution
		Debug|Any CPU = Debug|Any CPU
		Release|Any CPU = Release|Any CPU
	EndGlobalSection
	GlobalSection(ProjectConfigurationPlatforms) = postSolution
		{1BED7F19-657F-421C-A4A9-E08E31CEC0DB}.Debug|Any CPU.ActiveCfg = Debug|Any CPU
		{1BED7F19-657F-421C-A4A9-E08E31CEC0DB}.Debug|Any CPU.Build.0 = Debug|Any CPU
		{1BED7F19-657F-421C-A4A9-E08E31CEC0DB}.Release|Any CPU.ActiveCfg = Release|Any CPU
		{1BED7F19-657F-421C-A4A9-E08E31CEC0DB}.Release|Any CPU.Build.0 = Release|Any CPU
		{10FE2136-0FCD-4503-80EF-C530F0B03D24}.Debug|Any CPU.ActiveCfg = Debug|Any CPU
		{10FE2136-0FCD-4503-80EF-C530F0B03D24}.Debug|Any CPU.Build.0 = Debug|Any CPU
		{10FE2136-0FCD-4503-80EF-C530F0B03D24}.Release|Any CPU.ActiveCfg = Release|Any CPU
		{10FE2136-0FCD-4503-80EF-C530F0B03D24}.Release|Any CPU.Build.0 = Release|Any CPU
		{934D13BE-E689-4B0A-A7F8-4DCE781ECC2E}.Debug|Any CPU.ActiveCfg = Debug|Any CPU
		{934D13BE-E689-4B0A-A7F8-4DCE781ECC2E}.Debug|Any CPU.Build.0 = Debug|Any CPU
		{934D13BE-E689-4B0A-A7F8-4DCE781ECC2E}.Release|Any CPU.ActiveCfg = Release|Any CPU
		{934D13BE-E689-4B0A-A7F8-4DCE781ECC2E}.Release|Any CPU.Build.0 = Release|Any CPU
	EndGlobalSection
	GlobalSection(SolutionProperties) = preSolution
		HideSolutionNode = FALSE
	EndGlobalSection
	GlobalSection(ExtensibilityGlobals) = postSolution
		SolutionGuid = {937FAA3B-F5DD-4D61-BDAF-CE53B833CE61}
	EndGlobalSection
EndGlobal
